// !$*UTF8*$!
{
	archiveVersion = 1;
	classes = {
	};
	objectVersion = 71;
	objects = {

/* Begin PBXBuildFile section */
		A001 /* TimeVaultApp.swift in Sources */ = {isa = PBXBuildFile; fileRef = B001 /* TimeVaultApp.swift */; };
		A002 /* AppError.swift in Sources */ = {isa = PBXBuildFile; fileRef = B002 /* AppError.swift */; };
		A003 /* BackupSnapshot.swift in Sources */ = {isa = PBXBuildFile; fileRef = B003 /* BackupSnapshot.swift */; };
		A004 /* ComparisonSummary.swift in Sources */ = {isa = PBXBuildFile; fileRef = B004 /* ComparisonSummary.swift */; };
		A005 /* FileChange.swift in Sources */ = {isa = PBXBuildFile; fileRef = B005 /* FileChange.swift */; };
		A006 /* FileMetadata.swift in Sources */ = {isa = PBXBuildFile; fileRef = B006 /* FileMetadata.swift */; };
		A007 /* ComparisonEngine.swift in Sources */ = {isa = PBXBuildFile; fileRef = B007 /* ComparisonEngine.swift */; };
		A008 /* ComparisonService.swift in Sources */ = {isa = PBXBuildFile; fileRef = B008 /* ComparisonService.swift */; };
		A009 /* FileScanner.swift in Sources */ = {isa = PBXBuildFile; fileRef = B009 /* FileScanner.swift */; };
		A010 /* FileSystem.swift in Sources */ = {isa = PBXBuildFile; fileRef = B010 /* FileSystem.swift */; };
		A011 /* PermissionService.swift in Sources */ = {isa = PBXBuildFile; fileRef = B011 /* PermissionService.swift */; };
		A012 /* ExportService.swift in Sources */ = {isa = PBXBuildFile; fileRef = B012 /* ExportService.swift */; };
		A013 /* PreferencesStore.swift in Sources */ = {isa = PBXBuildFile; fileRef = B013 /* PreferencesStore.swift */; };
		A014 /* SecurityScopedBookmarkStore.swift in Sources */ = {isa = PBXBuildFile; fileRef = B014 /* SecurityScopedBookmarkStore.swift */; };
		A015 /* SnapshotDiscovery.swift in Sources */ = {isa = PBXBuildFile; fileRef = B015 /* SnapshotDiscovery.swift */; };
		A016 /* DeveloperFixtureGenerator.swift in Sources */ = {isa = PBXBuildFile; fileRef = B016 /* DeveloperFixtureGenerator.swift */; };
		A017 /* PathNormalizer.swift in Sources */ = {isa = PBXBuildFile; fileRef = B017 /* PathNormalizer.swift */; };
		A018 /* AppViewModel.swift in Sources */ = {isa = PBXBuildFile; fileRef = B018 /* AppViewModel.swift */; };
		A019 /* ComparisonResultsView.swift in Sources */ = {isa = PBXBuildFile; fileRef = B019 /* ComparisonResultsView.swift */; };
		A020 /* ContentView.swift in Sources */ = {isa = PBXBuildFile; fileRef = B020 /* ContentView.swift */; };
		A021 /* SettingsView.swift in Sources */ = {isa = PBXBuildFile; fileRef = B021 /* SettingsView.swift */; };
		A022 /* SnapshotSelectionView.swift in Sources */ = {isa = PBXBuildFile; fileRef = B022 /* SnapshotSelectionView.swift */; };
		A023 /* ComparisonEngineTests.swift in Sources */ = {isa = PBXBuildFile; fileRef = B023 /* ComparisonEngineTests.swift */; };
		A024 /* FileScannerTests.swift in Sources */ = {isa = PBXBuildFile; fileRef = B024 /* FileScannerTests.swift */; };
		A025 /* AboutView.swift in Sources */ = {isa = PBXBuildFile; fileRef = B025 /* AboutView.swift */; };
		A028 /* TimeVault.icon in Resources */ = {isa = PBXBuildFile; fileRef = E73797CF3010107600408BFA /* TimeVault.icon */; };
		A029 /* Assets.xcassets in Resources */ = {isa = PBXBuildFile; fileRef = B026 /* Assets.xcassets */; };
		A030 /* SystemSnapshot.swift in Sources */ = {isa = PBXBuildFile; fileRef = B027 /* SystemSnapshot.swift */; };
		A031 /* SystemStatusService.swift in Sources */ = {isa = PBXBuildFile; fileRef = B028 /* SystemStatusService.swift */; };
		A032 /* DashboardView.swift in Sources */ = {isa = PBXBuildFile; fileRef = B029 /* DashboardView.swift */; };
		A033 /* SystemStatusServiceTests.swift in Sources */ = {isa = PBXBuildFile; fileRef = B030 /* SystemStatusServiceTests.swift */; };
		A034 /* UpdateController.swift in Sources */ = {isa = PBXBuildFile; fileRef = B031 /* UpdateController.swift */; };
		A035 /* Sparkle in Frameworks */ = {isa = PBXBuildFile; productRef = L001 /* Sparkle */; };
/* End PBXBuildFile section */

/* Begin PBXContainerItemProxy section */
		I002 /* PBXContainerItemProxy */ = {
			isa = PBXContainerItemProxy;
			containerPortal = J001 /* Project object */;
			proxyType = 1;
			remoteGlobalIDString = F001;
			remoteInfo = TimeVault;
		};
/* End PBXContainerItemProxy section */

/* Begin PBXFileReference section */
		B001 /* TimeVaultApp.swift */ = {isa = PBXFileReference; lastKnownFileType = sourcecode.swift; path = TimeVaultApp.swift; sourceTree = "<group>"; };
		B002 /* AppError.swift */ = {isa = PBXFileReference; lastKnownFileType = sourcecode.swift; path = AppError.swift; sourceTree = "<group>"; };
		B003 /* BackupSnapshot.swift */ = {isa = PBXFileReference; lastKnownFileType = sourcecode.swift; path = BackupSnapshot.swift; sourceTree = "<group>"; };
		B004 /* ComparisonSummary.swift */ = {isa = PBXFileReference; lastKnownFileType = sourcecode.swift; path = ComparisonSummary.swift; sourceTree = "<group>"; };
		B005 /* FileChange.swift */ = {isa = PBXFileReference; lastKnownFileType = sourcecode.swift; path = FileChange.swift; sourceTree = "<group>"; };
		B006 /* FileMetadata.swift */ = {isa = PBXFileReference; lastKnownFileType = sourcecode.swift; path = FileMetadata.swift; sourceTree = "<group>"; };
		B007 /* ComparisonEngine.swift */ = {isa = PBXFileReference; lastKnownFileType = sourcecode.swift; path = ComparisonEngine.swift; sourceTree = "<group>"; };
		B008 /* ComparisonService.swift */ = {isa = PBXFileReference; lastKnownFileType = sourcecode.swift; path = ComparisonService.swift; sourceTree = "<group>"; };
		B009 /* FileScanner.swift */ = {isa = PBXFileReference; lastKnownFileType = sourcecode.swift; path = FileScanner.swift; sourceTree = "<group>"; };
		B010 /* FileSystem.swift */ = {isa = PBXFileReference; lastKnownFileType = sourcecode.swift; path = FileSystem.swift; sourceTree = "<group>"; };
		B011 /* PermissionService.swift */ = {isa = PBXFileReference; lastKnownFileType = sourcecode.swift; path = PermissionService.swift; sourceTree = "<group>"; };
		B012 /* ExportService.swift */ = {isa = PBXFileReference; lastKnownFileType = sourcecode.swift; path = ExportService.swift; sourceTree = "<group>"; };
		B013 /* PreferencesStore.swift */ = {isa = PBXFileReference; lastKnownFileType = sourcecode.swift; path = PreferencesStore.swift; sourceTree = "<group>"; };
		B014 /* SecurityScopedBookmarkStore.swift */ = {isa = PBXFileReference; lastKnownFileType = sourcecode.swift; path = SecurityScopedBookmarkStore.swift; sourceTree = "<group>"; };
		B015 /* SnapshotDiscovery.swift */ = {isa = PBXFileReference; lastKnownFileType = sourcecode.swift; path = SnapshotDiscovery.swift; sourceTree = "<group>"; };
		B016 /* DeveloperFixtureGenerator.swift */ = {isa = PBXFileReference; lastKnownFileType = sourcecode.swift; path = DeveloperFixtureGenerator.swift; sourceTree = "<group>"; };
		B017 /* PathNormalizer.swift */ = {isa = PBXFileReference; lastKnownFileType = sourcecode.swift; path = PathNormalizer.swift; sourceTree = "<group>"; };
		B018 /* AppViewModel.swift */ = {isa = PBXFileReference; lastKnownFileType = sourcecode.swift; path = AppViewModel.swift; sourceTree = "<group>"; };
		B019 /* ComparisonResultsView.swift */ = {isa = PBXFileReference; lastKnownFileType = sourcecode.swift; path = ComparisonResultsView.swift; sourceTree = "<group>"; };
		B020 /* ContentView.swift */ = {isa = PBXFileReference; lastKnownFileType = sourcecode.swift; path = ContentView.swift; sourceTree = "<group>"; };
		B021 /* SettingsView.swift */ = {isa = PBXFileReference; lastKnownFileType = sourcecode.swift; path = SettingsView.swift; sourceTree = "<group>"; };
		B022 /* SnapshotSelectionView.swift */ = {isa = PBXFileReference; lastKnownFileType = sourcecode.swift; path = SnapshotSelectionView.swift; sourceTree = "<group>"; };
		B023 /* ComparisonEngineTests.swift */ = {isa = PBXFileReference; lastKnownFileType = sourcecode.swift; path = ComparisonEngineTests.swift; sourceTree = "<group>"; };
		B024 /* FileScannerTests.swift */ = {isa = PBXFileReference; lastKnownFileType = sourcecode.swift; path = FileScannerTests.swift; sourceTree = "<group>"; };
		B025 /* AboutView.swift */ = {isa = PBXFileReference; lastKnownFileType = sourcecode.swift; path = AboutView.swift; sourceTree = "<group>"; };
		B026 /* Assets.xcassets */ = {isa = PBXFileReference; lastKnownFileType = folder.assetcatalog; path = Assets.xcassets; sourceTree = "<group>"; };
		B027 /* SystemSnapshot.swift */ = {isa = PBXFileReference; lastKnownFileType = sourcecode.swift; path = SystemSnapshot.swift; sourceTree = "<group>"; };
		B028 /* SystemStatusService.swift */ = {isa = PBXFileReference; lastKnownFileType = sourcecode.swift; path = SystemStatusService.swift; sourceTree = "<group>"; };
		B029 /* DashboardView.swift */ = {isa = PBXFileReference; lastKnownFileType = sourcecode.swift; path = DashboardView.swift; sourceTree = "<group>"; };
		B030 /* SystemStatusServiceTests.swift */ = {isa = PBXFileReference; lastKnownFileType = sourcecode.swift; path = SystemStatusServiceTests.swift; sourceTree = "<group>"; };
		B031 /* UpdateController.swift */ = {isa = PBXFileReference; lastKnownFileType = sourcecode.swift; path = UpdateController.swift; sourceTree = "<group>"; };
		B032 /* Info.plist */ = {isa = PBXFileReference; lastKnownFileType = text.plist.xml; path = Info.plist; sourceTree = "<group>"; };
		C001 /* TimeVault.app */ = {isa = PBXFileReference; explicitFileType = wrapper.application; includeInIndex = 0; path = TimeVault.app; sourceTree = BUILT_PRODUCTS_DIR; };
		C002 /* TimeVaultTests.xctest */ = {isa = PBXFileReference; explicitFileType = wrapper.cfbundle; includeInIndex = 0; path = TimeVaultTests.xctest; sourceTree = BUILT_PRODUCTS_DIR; };
		E73797CF3010107600408BFA /* TimeVault.icon */ = {isa = PBXFileReference; lastKnownFileType = folder.iconcomposer.icon; path = TimeVault.icon; sourceTree = "<group>"; };
/* End PBXFileReference section */

/* Begin PBXFrameworksBuildPhase section */
		D001 /* Frameworks */ = {
			isa = PBXFrameworksBuildPhase;
			buildActionMask = 2147483647;
			files = (
				A035 /* Sparkle in Frameworks */,
			);
			runOnlyForDeploymentPostprocessing = 0;
		};
		D002 /* Frameworks */ = {
			isa = PBXFrameworksBuildPhase;
			buildActionMask = 2147483647;
			files = (
			);
			runOnlyForDeploymentPostprocessing = 0;
		};
/* End PBXFrameworksBuildPhase section */

/* Begin PBXGroup section */
		E001 = {
			isa = PBXGroup;
			children = (
				E002 /* App */,
				E009 /* Models */,
				E010 /* Services */,
				E011 /* Utilities */,
				E012 /* ViewModels */,
				E013 /* Views */,
				E014 /* Tests */,
				E015 /* Products */,
				E018 /* Resources */,
				B026 /* Assets.xcassets */,
			);
			sourceTree = "<group>";
		};
		E002 /* App */ = {
			isa = PBXGroup;
			children = (
				B001 /* TimeVaultApp.swift */,
				B032 /* Info.plist */,
			);
			path = App;
			sourceTree = "<group>";
		};
		E004 /* Comparison */ = {
			isa = PBXGroup;
			children = (
				B007 /* ComparisonEngine.swift */,
				B008 /* ComparisonService.swift */,
			);
			path = Comparison;
			sourceTree = "<group>";
		};
		E005 /* FileScanning */ = {
			isa = PBXGroup;
			children = (
				B009 /* FileScanner.swift */,
				B010 /* FileSystem.swift */,
			);
			path = FileScanning;
			sourceTree = "<group>";
		};
		E006 /* Permissions */ = {
			isa = PBXGroup;
			children = (
				B011 /* PermissionService.swift */,
			);
			path = Permissions;
			sourceTree = "<group>";
		};
		E007 /* Persistence */ = {
			isa = PBXGroup;
			children = (
				B012 /* ExportService.swift */,
				B013 /* PreferencesStore.swift */,
				B014 /* SecurityScopedBookmarkStore.swift */,
			);
			path = Persistence;
			sourceTree = "<group>";
		};
		E008 /* SnapshotDiscovery */ = {
			isa = PBXGroup;
			children = (
				B015 /* SnapshotDiscovery.swift */,
			);
			path = SnapshotDiscovery;
			sourceTree = "<group>";
		};
		E009 /* Models */ = {
			isa = PBXGroup;
			children = (
				B002 /* AppError.swift */,
				B003 /* BackupSnapshot.swift */,
				B004 /* ComparisonSummary.swift */,
				B005 /* FileChange.swift */,
				B006 /* FileMetadata.swift */,
				B027 /* SystemSnapshot.swift */,
			);
			path = Models;
			sourceTree = "<group>";
		};
		E010 /* Services */ = {
			isa = PBXGroup;
			children = (
				E004 /* Comparison */,
				E005 /* FileScanning */,
				E006 /* Permissions */,
				E007 /* Persistence */,
				E008 /* SnapshotDiscovery */,
				E016 /* SystemStatus */,
				E017 /* Updates */,
			);
			path = Services;
			sourceTree = "<group>";
		};
		E011 /* Utilities */ = {
			isa = PBXGroup;
			children = (
				B016 /* DeveloperFixtureGenerator.swift */,
				B017 /* PathNormalizer.swift */,
			);
			path = Utilities;
			sourceTree = "<group>";
		};
		E012 /* ViewModels */ = {
			isa = PBXGroup;
			children = (
				B018 /* AppViewModel.swift */,
			);
			path = ViewModels;
			sourceTree = "<group>";
		};
		E013 /* Views */ = {
			isa = PBXGroup;
			children = (
				B019 /* ComparisonResultsView.swift */,
				B020 /* ContentView.swift */,
				B021 /* SettingsView.swift */,
				B022 /* SnapshotSelectionView.swift */,
				B025 /* AboutView.swift */,
				B029 /* DashboardView.swift */,
			);
			path = Views;
			sourceTree = "<group>";
		};
		E014 /* Tests */ = {
			isa = PBXGroup;
			children = (
				B023 /* ComparisonEngineTests.swift */,
				B024 /* FileScannerTests.swift */,
				B030 /* SystemStatusServiceTests.swift */,
			);
			path = Tests;
			sourceTree = "<group>";
		};
		E015 /* Products */ = {
			isa = PBXGroup;
			children = (
				C001 /* TimeVault.app */,
				C002 /* TimeVaultTests.xctest */,
			);
			name = Products;
			sourceTree = "<group>";
		};
		E016 /* SystemStatus */ = {
			isa = PBXGroup;
			children = (
				B028 /* SystemStatusService.swift */,
			);
			path = SystemStatus;
			sourceTree = "<group>";
		};
		E017 /* Updates */ = {
			isa = PBXGroup;
			children = (
				B031 /* UpdateController.swift */,
			);
			path = Updates;
			sourceTree = "<group>";
		};
		E018 /* Resources */ = {
			isa = PBXGroup;
			children = (
				E73797CF3010107600408BFA /* TimeVault.icon */,
			);
			path = Resources;
			sourceTree = "<group>";
		};
/* End PBXGroup section */

/* Begin PBXNativeTarget section */
		F001 /* TimeVault */ = {
			isa = PBXNativeTarget;
			buildConfigurationList = G001 /* Build configuration list for PBXNativeTarget "TimeVault" */;
			buildPhases = (
				H001 /* Sources */,
				D001 /* Frameworks */,
				H002 /* Resources */,
			);
			buildRules = (
			);
			dependencies = (
			);
			name = TimeVault;
			packageProductDependencies = (
				L001 /* Sparkle */,
			);
			productName = TimeVault;
			productReference = C001 /* TimeVault.app */;
			productType = "com.apple.product-type.application";
		};
		F002 /* TimeVaultTests */ = {
			isa = PBXNativeTarget;
			buildConfigurationList = G002 /* Build configuration list for PBXNativeTarget "TimeVaultTests" */;
			buildPhases = (
				H003 /* Sources */,
				D002 /* Frameworks */,
			);
			buildRules = (
			);
			dependencies = (
				I001 /* PBXTargetDependency */,
			);
			name = TimeVaultTests;
			productName = TimeVaultTests;
			productReference = C002 /* TimeVaultTests.xctest */;
			productType = "com.apple.product-type.bundle.unit-test";
		};
/* End PBXNativeTarget section */

/* Begin PBXProject section */
		J001 /* Project object */ = {
			isa = PBXProject;
			attributes = {
				LastUpgradeCheck = 2660;
				TargetAttributes = {
					F001 = {
						CreatedOnToolsVersion = 26.6;
					};
					F002 = {
						CreatedOnToolsVersion = 26.6;
						TestTargetID = F001;
					};
				};
			};
			buildConfigurationList = G003 /* Build configuration list for PBXProject "TimeVault" */;
			compatibilityVersion = "Xcode 16.0";
			developmentRegion = en;
			hasScannedForEncodings = 0;
			knownRegions = (
				en,
			);
			mainGroup = E001;
			packageReferences = (
				M001 /* XCRemoteSwiftPackageReference "Sparkle" */,
			);
			productRefGroup = E015 /* Products */;
			projectDirPath = "";
			projectRoot = "";
			targets = (
				F001 /* TimeVault */,
				F002 /* TimeVaultTests */,
			);
		};
/* End PBXProject section */

/* Begin PBXResourcesBuildPhase section */
		H002 /* Resources */ = {
			isa = PBXResourcesBuildPhase;
			buildActionMask = 2147483647;
			files = (
				A028 /* TimeVault.icon in Resources */,
				A029 /* Assets.xcassets in Resources */,
			);
			runOnlyForDeploymentPostprocessing = 0;
		};
/* End PBXResourcesBuildPhase section */

/* Begin PBXSourcesBuildPhase section */
		H001 /* Sources */ = {
			isa = PBXSourcesBuildPhase;
			buildActionMask = 2147483647;
			files = (
				A001 /* TimeVaultApp.swift in Sources */,
				A002 /* AppError.swift in Sources */,
				A003 /* BackupSnapshot.swift in Sources */,
				A004 /* ComparisonSummary.swift in Sources */,
				A005 /* FileChange.swift in Sources */,
				A006 /* FileMetadata.swift in Sources */,
				A007 /* ComparisonEngine.swift in Sources */,
				A008 /* ComparisonService.swift in Sources */,
				A009 /* FileScanner.swift in Sources */,
				A010 /* FileSystem.swift in Sources */,
				A011 /* PermissionService.swift in Sources */,
				A012 /* ExportService.swift in Sources */,
				A013 /* PreferencesStore.swift in Sources */,
				A014 /* SecurityScopedBookmarkStore.swift in Sources */,
				A015 /* SnapshotDiscovery.swift in Sources */,
				A016 /* DeveloperFixtureGenerator.swift in Sources */,
				A017 /* PathNormalizer.swift in Sources */,
				A018 /* AppViewModel.swift in Sources */,
				A019 /* ComparisonResultsView.swift in Sources */,
				A020 /* ContentView.swift in Sources */,
				A021 /* SettingsView.swift in Sources */,
				A022 /* SnapshotSelectionView.swift in Sources */,
				A025 /* AboutView.swift in Sources */,
				A030 /* SystemSnapshot.swift in Sources */,
				A031 /* SystemStatusService.swift in Sources */,
				A032 /* DashboardView.swift in Sources */,
				A034 /* UpdateController.swift in Sources */,
			);
			runOnlyForDeploymentPostprocessing = 0;
		};
		H003 /* Sources */ = {
			isa = PBXSourcesBuildPhase;
			buildActionMask = 2147483647;
			files = (
				A023 /* ComparisonEngineTests.swift in Sources */,
				A024 /* FileScannerTests.swift in Sources */,
				A033 /* SystemStatusServiceTests.swift in Sources */,
			);
			runOnlyForDeploymentPostprocessing = 0;
		};
/* End PBXSourcesBuildPhase section */

/* Begin PBXTargetDependency section */
		I001 /* PBXTargetDependency */ = {
			isa = PBXTargetDependency;
			target = F001 /* TimeVault */;
			targetProxy = I002 /* PBXContainerItemProxy */;
		};
/* End PBXTargetDependency section */

/* Begin XCBuildConfiguration section */
		K001 /* Debug */ = {
			isa = XCBuildConfiguration;
			buildSettings = {
				ASSETCATALOG_COMPILER_APPICON_NAME = TimeVault;
				"CODE_SIGN_IDENTITY[sdk=macosx*]" = "-";
				CURRENT_PROJECT_VERSION = 1.0.2.1;
				ENABLE_TESTABILITY = YES;
				GENERATE_INFOPLIST_FILE = NO;
				INFOPLIST_FILE = App/Info.plist;
				LD_RUNPATH_SEARCH_PATHS = (
					"$(inherited)",
					"@executable_path/../Frameworks",
				);
				MACOSX_DEPLOYMENT_TARGET = 13.0;
				MARKETING_VERSION = 1.0.2;
				PRODUCT_BUNDLE_IDENTIFIER = com.minimackstudios.TimeVault;
				PRODUCT_MODULE_NAME = TimeVault;
				PRODUCT_NAME = TimeVault;
				SWIFT_OPTIMIZATION_LEVEL = "-Onone";
				SWIFT_VERSION = 5.0;
			};
			name = Debug;
		};
		K002 /* Release */ = {
			isa = XCBuildConfiguration;
			buildSettings = {
				ASSETCATALOG_COMPILER_APPICON_NAME = TimeVault;
				"CODE_SIGN_IDENTITY[sdk=macosx*]" = "-";
				CURRENT_PROJECT_VERSION = 1.0.2.1;
				GENERATE_INFOPLIST_FILE = NO;
				INFOPLIST_FILE = App/Info.plist;
				LD_RUNPATH_SEARCH_PATHS = (
					"$(inherited)",
					"@executable_path/../Frameworks",
				);
				MACOSX_DEPLOYMENT_TARGET = 13.0;
				MARKETING_VERSION = 1.0.2;
				PRODUCT_BUNDLE_IDENTIFIER = com.minimackstudios.TimeVault;
				PRODUCT_MODULE_NAME = TimeVault;
				PRODUCT_NAME = TimeVault;
				SWIFT_VERSION = 5.0;
			};
			name = Release;
		};
		K003 /* Debug */ = {
			isa = XCBuildConfiguration;
			buildSettings = {
				BUNDLE_LOADER = "$(TEST_HOST)";
				GENERATE_INFOPLIST_FILE = YES;
				MACOSX_DEPLOYMENT_TARGET = 13.0;
				PRODUCT_BUNDLE_IDENTIFIER = com.minimackstudios.TimeVaultTests;
				PRODUCT_NAME = "$(TARGET_NAME)";
				SWIFT_VERSION = 5.0;
				TEST_HOST = "$(BUILT_PRODUCTS_DIR)/TimeVault.app/Contents/MacOS/TimeVault";
			};
			name = Debug;
		};
		K004 /* Release */ = {
			isa = XCBuildConfiguration;
			buildSettings = {
				BUNDLE_LOADER = "$(TEST_HOST)";
				GENERATE_INFOPLIST_FILE = YES;
				MACOSX_DEPLOYMENT_TARGET = 13.0;
				PRODUCT_BUNDLE_IDENTIFIER = com.minimackstudios.TimeVaultTests;
				PRODUCT_NAME = "$(TARGET_NAME)";
				SWIFT_VERSION = 5.0;
				TEST_HOST = "$(BUILT_PRODUCTS_DIR)/TimeVault.app/Contents/MacOS/TimeVault";
			};
			name = Release;
		};
		K005 /* Debug */ = {
			isa = XCBuildConfiguration;
			buildSettings = {
				ALWAYS_SEARCH_USER_PATHS = NO;
				ASSETCATALOG_COMPILER_GLOBAL_ACCENT_COLOR_NAME = AccentColor;
				CLANG_ENABLE_MODULES = YES;
				CLANG_ENABLE_OBJC_ARC = YES;
				SWIFT_EMIT_LOC_STRINGS = YES;
			};
			name = Debug;
		};
		K006 /* Release */ = {
			isa = XCBuildConfiguration;
			buildSettings = {
				ALWAYS_SEARCH_USER_PATHS = NO;
				ASSETCATALOG_COMPILER_GLOBAL_ACCENT_COLOR_NAME = AccentColor;
				CLANG_ENABLE_MODULES = YES;
				CLANG_ENABLE_OBJC_ARC = YES;
				SWIFT_EMIT_LOC_STRINGS = YES;
			};
			name = Release;
		};
/* End XCBuildConfiguration section */

/* Begin XCConfigurationList section */
		G001 /* Build configuration list for PBXNativeTarget "TimeVault" */ = {
			isa = XCConfigurationList;
			buildConfigurations = (
				K001 /* Debug */,
				K002 /* Release */,
			);
			defaultConfigurationIsVisible = 0;
			defaultConfigurationName = Release;
		};
		G002 /* Build configuration list for PBXNativeTarget "TimeVaultTests" */ = {
			isa = XCConfigurationList;
			buildConfigurations = (
				K003 /* Debug */,
				K004 /* Release */,
			);
			defaultConfigurationIsVisible = 0;
			defaultConfigurationName = Release;
		};
		G003 /* Build configuration list for PBXProject "TimeVault" */ = {
			isa = XCConfigurationList;
			buildConfigurations = (
				K005 /* Debug */,
				K006 /* Release */,
			);
			defaultConfigurationIsVisible = 0;
			defaultConfigurationName = Release;
		};
/* End XCConfigurationList section */

/* Begin XCRemoteSwiftPackageReference section */
		M001 /* XCRemoteSwiftPackageReference "Sparkle" */ = {
			isa = XCRemoteSwiftPackageReference;
			repositoryURL = "https://github.com/sparkle-project/Sparkle";
			requirement = {
				kind = upToNextMajorVersion;
				minimumVersion = 2.9.2;
			};
		};
/* End XCRemoteSwiftPackageReference section */

/* Begin XCSwiftPackageProductDependency section */
		L001 /* Sparkle */ = {
			isa = XCSwiftPackageProductDependency;
			package = M001 /* XCRemoteSwiftPackageReference "Sparkle" */;
			productName = Sparkle;
		};
/* End XCSwiftPackageProductDependency section */
	};
	rootObject = J001 /* Project object */;
}
